// !$*UTF8*$!
{
	archiveVersion = 1;
	classes = {
	};
	objectVersion = 50;
	objects = {

/* Begin PBXBuildFile section */
		484FF6E72086BDD500AFBD21 /* AppDelegate.swift in Sources */ = {isa = PBXBuildFile; fileRef = 484FF6E62086BDD500AFBD21 /* AppDelegate.swift */; };
		484FF6E92086BDD600AFBD21 /* ViewController.swift in Sources */ = {isa = PBXBuildFile; fileRef = 484FF6E82086BDD600AFBD21 /* ViewController.swift */; };
		484FF6EC2086BDD600AFBD21 /* Main.storyboard in Resources */ = {isa = PBXBuildFile; fileRef = 484FF6EA2086BDD600AFBD21 /* Main.storyboard */; };
		484FF6EE2086BDD800AFBD21 /* Assets.xcassets in Resources */ = {isa = PBXBuildFile; fileRef = 484FF6ED2086BDD800AFBD21 /* Assets.xcassets */; };
		484FF6F12086BDD800AFBD21 /* LaunchScreen.storyboard in Resources */ = {isa = PBXBuildFile; fileRef = 484FF6EF2086BDD800AFBD21 /* LaunchScreen.storyboard */; };
/* End PBXBuildFile section */

/* Begin PBXFileReference section */
		484FF6E32086BDD500AFBD21 /* Mememe.app */ = {isa = PBXFileReference; explicitFileType = wrapper.application; includeInIndex = 0; path = Mememe.app; sourceTree = BUILT_PRODUCTS_DIR; };
		484FF6E62086BDD500AFBD21 /* AppDelegate.swift */ = {isa = PBXFileReference; lastKnownFileType = sourcecode.swift; path = AppDelegate.swift; sourceTree = "<group>"; };
		484FF6E82086BDD600AFBD21 /* ViewController.swift */ = {isa = PBXFileReference; lastKnownFileType = sourcecode.swift; path = ViewController.swift; sourceTree = "<group>"; };
		484FF6EB2086BDD600AFBD21 /* Base */ = {isa = PBXFileReference; lastKnownFileType = file.storyboard; name = Base; path = Base.lproj/Main.storyboard; sourceTree = "<group>"; };
		484FF6ED2086BDD800AFBD21 /* Assets.xcassets */ = {isa = PBXFileReference; lastKnownFileType = folder.assetcatalog; path = Assets.xcassets; sourceTree = "<group>"; };
		484FF6F02086BDD800AFBD21 /* Base */ = {isa = PBXFileReference; lastKnownFileType = file.storyboard; name = Base; path = Base.lproj/LaunchScreen.storyboard; sourceTree = "<group>"; };
		484FF6F22086BDD800AFBD21 /* Info.plist */ = {isa = PBXFileReference; lastKnownFileType = text.plist.xml; path = Info.plist; sourceTree = "<group>"; };
/* End PBXFileReference section */

/* Begin PBXFrameworksBuildPhase section */
		484FF6E02086BDD500AFBD21 /* Frameworks */ = {
			isa = PBXFrameworksBuildPhase;
			buildActionMask = 2147483647;
			files = (
			);
			runOnlyForDeploymentPostprocessing = 0;
		};
/* End PBXFrameworksBuildPhase section */

/* Begin PBXGroup section */
		484FF6DA2086BDD500AFBD21 = {
			isa = PBXGroup;
			children = (
				484FF6E52086BDD500AFBD21 /* Mememe */,
				484FF6E42086BDD500AFBD21 /* Products */,
			);
			sourceTree = "<group>";
		};
		484FF6E42086BDD500AFBD21 /* Products */ = {
			isa = PBXGroup;
			children = (
				484FF6E32086BDD500AFBD21 /* Mememe.app */,
			);
			name = Products;
			sourceTree = "<group>";
		};
		484FF6E52086BDD500AFBD21 /* Mememe */ = {
			isa = PBXGroup;
			children = (
				484FF6E62086BDD500AFBD21 /* AppDelegate.swift */,
				484FF6E82086BDD600AFBD21 /* ViewController.swift */,
				484FF6EA2086BDD600AFBD21 /* Main.storyboard */,
				484FF6ED2086BDD800AFBD21 /* Assets.xcassets */,
				484FF6EF2086BDD800AFBD21 /* LaunchScreen.storyboard */,
				484FF6F22086BDD800AFBD21 /* Info.plist */,
			);
			path = Mememe;
			sourceTree = "<group>";
		};
/* End PBXGroup section */

/* Begin PBXNativeTarget section */
		484FF6E22086BDD500AFBD21 /* Mememe */ = {
			isa = PBXNativeTarget;
			buildConfigurationList = 484FF6F52086BDD800AFBD21 /* Build configuration list for PBXNativeTarget "Mememe" */;
			buildPhases = (
				484FF6DF2086BDD500AFBD21 /* Sources */,
				484FF6E02086BDD500AFBD21 /* Frameworks */,
				484FF6E12086BDD500AFBD21 /* Resources */,
			);
			buildRules = (
			);
			dependencies = (
			);
			name = Mememe;
			productName = Mememe;
			productReference = 484FF6E32086BDD500AFBD21 /* Mememe.app */;
			productType = "com.apple.product-type.application";
		};
/* End PBXNativeTarget section */

/* Begin PBXProject section */
		484FF6DB2086BDD500AFBD21 /* Project object */ = {
			isa = PBXProject;
			attributes = {
				LastSwiftUpdateCheck = 0930;
				LastUpgradeCheck = 0930;
				ORGANIZATIONNAME = "tiago turibio";
				TargetAttributes = {
					484FF6E22086BDD500AFBD21 = {
						CreatedOnToolsVersion = 9.3;
					};
				};
			};
			buildConfigurationList = 484FF6DE2086BDD500AFBD21 /* Build configuration list for PBXProject "Mememe" */;
			compatibilityVersion = "Xcode 9.3";
			developmentRegion = en;
			hasScannedForEncodings = 0;
			knownRegions = (
				en,
				Base,
			);
			mainGroup = 484FF6DA2086BDD500AFBD21;
			productRefGroup = 484FF6E42086BDD500AFBD21 /* Products */;
			projectDirPath = "";
			projectRoot = "";
			targets = (
				484FF6E22086BDD500AFBD21 /* Mememe */,
			);
		};
/* End PBXProject section */

/* Begin PBXResourcesBuildPhase section */
		484FF6E12086BDD500AFBD21 /* Resources */ = {
			isa = PBXResourcesBuildPhase;
			buildActionMask = 2147483647;
			files = (
				484FF6F12086BDD800AFBD21 /* LaunchScreen.storyboard in Resources */,
				484FF6EE2086BDD800AFBD21 /* Assets.xcassets in Resources */,
				484FF6EC2086BDD600AFBD21 /* Main.storyboard in Resources */,
			);
			runOnlyForDeploymentPostprocessing = 0;
		};
/* End PBXResourcesBuildPhase section */

/* Begin PBXSourcesBuildPhase section */
		484FF6DF2086BDD500AFBD21 /* Sources */ = {
			isa = PBXSourcesBuildPhase;
			buildActionMask = 2147483647;
			files = (
				484FF6E92086BDD600AFBD21 /* ViewController.swift in Sources */,
				484FF6E72086BDD500AFBD21 /* AppDelegate.swift in Sources */,
			);
			runOnlyForDeploymentPostprocessing = 0;
		};
/* End PBXSourcesBuildPhase section */

/* Begin PBXVariantGroup section */
		484FF6EA2086BDD600AFBD21 /* Main.storyboard */ = {
			isa = PBXVariantGroup;
			children = (
				484FF6EB2086BDD600AFBD21 /* Base */,
			);
			name = Main.storyboard;
			sourceTree = "<group>";
		};
		484FF6EF2086BDD800AFBD21 /* LaunchScreen.storyboard */ = {
			isa = PBXVariantGroup;
			children = (
				484FF6F02086BDD800AFBD21 /* Base */,
			);
			name = LaunchScreen.storyboard;
			sourceTree = "<group>";
		};
/* End PBXVariantGroup section */

/* Begin XCBuildConfiguration section */
		484FF6F32086BDD800AFBD21 /* Debug */ = {
			isa = XCBuildConfiguration;
			buildSettings = {
				ALWAYS_SEARCH_USER_PATHS = NO;
				CLANG_ANALYZER_NONNULL = YES;
				CLANG_ANALYZER_NUMBER_OBJECT_CONVERSION = YES_AGGRESSIVE;
				CLANG_CXX_LANGUAGE_STANDARD = "gnu++14";
				CLANG_CXX_LIBRARY = "libc++";
				CLANG_ENABLE_MODULES = YES;
				CLANG_ENABLE_OBJC_ARC = YES;
				CLANG_ENABLE_OBJC_WEAK = YES;
				CLANG_WARN_BLOCK_CAPTURE_AUTORELEASING = YES;
				CLANG_WARN_BOOL_CONVERSION = YES;
				CLANG_WARN_COMMA = YES;
				CLANG_WARN_CONSTANT_CONVERSION = YES;
				CLANG_WARN_DEPRECATED_OBJC_IMPLEMENTATIONS = YES;
				CLANG_WARN_DIRECT_OBJC_ISA_USAGE = YES_ERROR;
				CLANG_WARN_DOCUMENTATION_COMMENTS = YES;
				CLANG_WARN_EMPTY_BODY = YES;
				CLANG_WARN_ENUM_CONVERSION = YES;
				CLANG_WARN_INFINITE_RECURSION = YES;
				CLANG_WARN_INT_CONVERSION = YES;
				CLANG_WARN_NON_LITERAL_NULL_CONVERSION = YES;
				CLANG_WARN_OBJC_IMPLICIT_RETAIN_SELF = YES;
				CLANG_WARN_OBJC_LITERAL_CONVERSION = YES;
				CLANG_WARN_OBJC_ROOT_CLASS = YES_ERROR;
				CLANG_WARN_RANGE_LOOP_ANALYSIS = YES;
				CLANG_WARN_STRICT_PROTOTYPES = YES;
				CLANG_WARN_SUSPICIOUS_MOVE = YES;
				CLANG_WARN_UNGUARDED_AVAILABILITY = YES_AGGRESSIVE;
				CLANG_WARN_UNREACHABLE_CODE = YES;
				CLANG_WARN__DUPLICATE_METHOD_MATCH = YES;
				CODE_SIGN_IDENTITY = "iPhone Developer";
				COPY_PHASE_STRIP = NO;
				DEBUG_INFORMATION_FORMAT = dwarf;
				ENABLE_STRICT_OBJC_MSGSEND = YES;
				ENABLE_TESTABILITY = YES;
				GCC_C_LANGUAGE_STANDARD = gnu11;
				GCC_DYNAMIC_NO_PIC = NO;
				GCC_NO_COMMON_BLOCKS = YES;
				GCC_OPTIMIZATION_LEVEL = 0;
				GCC_PREPROCESSOR_DEFINITIONS = (
					"DEBUG=1",
					"$(inherited)",
				);
				GCC_WARN_64_TO_32_BIT_CONVERSION = YES;
				GCC_WARN_ABOUT_RETURN_TYPE = YES_ERROR;
				GCC_WARN_UNDECLARED_SELECTOR = YES;
				GCC_WARN_UNINITIALIZED_AUTOS = YES_AGGRESSIVE;
				GCC_WARN_UNUSED_FUNCTION = YES;
				GCC_WARN_UNUSED_VARIABLE = YES;
				IPHONEOS_DEPLOYMENT_TARGET = 11.3;
				MTL_ENABLE_DEBUG_INFO = YES;
				ONLY_ACTIVE_ARCH = YES;
				SDKROOT = iphoneos;
				SWIFT_ACTIVE_COMPILATION_CONDITIONS = DEBUG;
				SWIFT_OPTIMIZATION_LEVEL = "-Onone";
			};
			name = Debug;
		};
		484FF6F42086BDD800AFBD21 /* Release */ = {
			isa = XCBuildConfiguration;
			buildSettings = {
				ALWAYS_SEARCH_USER_PATHS = NO;
				CLANG_ANALYZER_NONNULL = YES;
				CLANG_ANALYZER_NUMBER_OBJECT_CONVERSION = YES_AGGRESSIVE;
				CLANG_CXX_LANGUAGE_STANDARD = "gnu++14";
				CLANG_CXX_LIBRARY = "libc++";
				CLANG_ENABLE_MODULES = YES;
				CLANG_ENABLE_OBJC_ARC = YES;
				CLANG_ENABLE_OBJC_WEAK = YES;
				CLANG_WARN_BLOCK_CAPTURE_AUTORELEASING = YES;
				CLANG_WARN_BOOL_CONVERSION = YES;
				CLANG_WARN_COMMA = YES;
				CLANG_WARN_CONSTANT_CONVERSION = YES;
				CLANG_WARN_DEPRECATED_OBJC_IMPLEMENTATIONS = YES;
				CLANG_WARN_DIRECT_OBJC_ISA_USAGE = YES_ERROR;
				CLANG_WARN_DOCUMENTATION_COMMENTS = YES;
				CLANG_WARN_EMPTY_BODY = YES;
				CLANG_WARN_ENUM_CONVERSION = YES;
				CLANG_WARN_INFINITE_RECURSION = YES;
				CLANG_WARN_INT_CONVERSION = YES;
				CLANG_WARN_NON_LITERAL_NULL_CONVERSION = YES;
				CLANG_WARN_OBJC_IMPLICIT_RETAIN_SELF = YES;
				CLANG_WARN_OBJC_LITERAL_CONVERSION = YES;
				CLANG_WARN_OBJC_ROOT_CLASS = YES_ERROR;
				CLANG_WARN_RANGE_LOOP_ANALYSIS = YES;
				CLANG_WARN_STRICT_PROTOTYPES = YES;
				CLANG_WARN_SUSPICIOUS_MOVE = YES;
				CLANG_WARN_UNGUARDED_AVAILABILITY = YES_AGGRESSIVE;
				CLANG_WARN_UNREACHABLE_CODE = YES;
				CLANG_WARN__DUPLICATE_METHOD_MATCH = YES;
				CODE_SIGN_IDENTITY = "iPhone Developer";
				COPY_PHASE_STRIP = NO;
				DEBUG_INFORMATION_FORMAT = "dwarf-with-dsym";
				ENABLE_NS_ASSERTIONS = NO;
				ENABLE_STRICT_OBJC_MSGSEND = YES;
				GCC_C_LANGUAGE_STANDARD = gnu11;
				GCC_NO_COMMON_BLOCKS = YES;
				GCC_WARN_64_TO_32_BIT_CONVERSION = YES;
				GCC_WARN_ABOUT_RETURN_TYPE = YES_ERROR;
				GCC_WARN_UNDECLARED_SELECTOR = YES;
				GCC_WARN_UNINITIALIZED_AUTOS = YES_AGGRESSIVE;
				GCC_WARN_UNUSED_FUNCTION = YES;
				GCC_WARN_UNUSED_VARIABLE = YES;
				IPHONEOS_DEPLOYMENT_TARGET = 11.3;
				MTL_ENABLE_DEBUG_INFO = NO;
				SDKROOT = iphoneos;
				SWIFT_COMPILATION_MODE = wholemodule;
				SWIFT_OPTIMIZATION_LEVEL = "-O";
				VALIDATE_PRODUCT = YES;
			};
			name = Release;
		};
		484FF6F62086BDD800AFBD21 /* Debug */ = {
			isa = XCBuildConfiguration;
			buildSettings = {
				ASSETCATALOG_COMPILER_APPICON_NAME = AppIcon;
				CODE_SIGN_STYLE = Automatic;
				DEVELOPMENT_TEAM = Q574737C9B;
				INFOPLIST_FILE = Mememe/Info.plist;
				LD_RUNPATH_SEARCH_PATHS = (
					"$(inherited)",
					"@executable_path/Frameworks",
				);
				PRODUCT_BUNDLE_IDENTIFIER = com.tgzoom.programs.Mememe;
				PRODUCT_NAME = "$(TARGET_NAME)";
				SWIFT_VERSION = 4.0;
				TARGETED_DEVICE_FAMILY = "1,2";
			};
			name = Debug;
		};
		484FF6F72086BDD800AFBD21 /* Release */ = {
			isa = XCBuildConfiguration;
			buildSettings = {
				ASSETCATALOG_COMPILER_APPICON_NAME = AppIcon;
				CODE_SIGN_STYLE = Automatic;
				DEVELOPMENT_TEAM = Q574737C9B;
				INFOPLIST_FILE = Mememe/Info.plist;
				LD_RUNPATH_SEARCH_PATHS = (
					"$(inherited)",
					"@executable_path/Frameworks",
				);
				PRODUCT_BUNDLE_IDENTIFIER = com.tgzoom.programs.Mememe;
				PRODUCT_NAME = "$(TARGET_NAME)";
				SWIFT_VERSION = 4.0;
				TARGETED_DEVICE_FAMILY = "1,2";
			};
			name = Release;
		};
/* End XCBuildConfiguration section */

/* Begin XCConfigurationList section */
		484FF6DE2086BDD500AFBD21 /* Build configuration list for PBXProject "Mememe" */ = {
			isa = XCConfigurationList;
			buildConfigurations = (
				484FF6F32086BDD800AFBD21 /* Debug */,
				484FF6F42086BDD800AFBD21 /* Release */,
			);
			defaultConfigurationIsVisible = 0;
			defaultConfigurationName = Release;
		};
		484FF6F52086BDD800AFBD21 /* Build configuration list for PBXNativeTarget "Mememe" */ = {
			isa = XCConfigurationList;
			buildConfigurations = (
				484FF6F62086BDD800AFBD21 /* Debug */,
				484FF6F72086BDD800AFBD21 /* Release */,
			);
			defaultConfigurationIsVisible = 0;
			defaultConfigurationName = Release;
		};
/* End XCConfigurationList section */
	};
	rootObject = 484FF6DB2086BDD500AFBD21 /* Project object */;
}
